
Microsoft Visual Studio Solution File, Format Version 12.00
# Visual Studio Version 17
VisualStudioVersion = 17.5.33424.131
MinimumVisualStudioVersion = 10.0.40219.1
Project("{9A19103F-16F7-4668-BE54-9A1E7A4F7556}") = "SimpleStock.API", "src\SimpleStock.API\SimpleStock.API.csproj", "{8AE61E71-E0D2-4462-9342-A963C292C734}"
EndProject
Project("{9A19103F-16F7-4668-BE54-9A1E7A4F7556}") = "SimpleStock.Domain", "src\SimpleStock.Domain\SimpleStock.Domain.csproj", "{A1E6D6BB-8E11-43FF-BE08-6FE383EA8084}"
EndProject
Project("{2150E333-8FDC-42A3-9474-1A3956D46DE8}") = "src", "src", "{59898B50-EA01-47B5-B76C-A2CC4F524233}"
EndProject
Project("{9A19103F-16F7-4668-BE54-9A1E7A4F7556}") = "SimpleStock.Data", "src\SimpleStock.Data\SimpleStock.Data.csproj", "{F65DC2C9-45D4-4787-8FEB-6624EBE50783}"
EndProject
Project("{FAE04EC0-301F-11D3-BF4B-00C04F79EFBC}") = "SimpleStock.Application", "src\SimpleStock.Application\SimpleStock.Application.csproj", "{B9093BA5-3B51-41CF-99E0-04A734BFB8BB}"
EndProject
Global
	GlobalSection(SolutionConfigurationPlatforms) = preSolution
		Debug|Any CPU = Debug|Any CPU
		Release|Any CPU = Release|Any CPU
	EndGlobalSection
	GlobalSection(ProjectConfigurationPlatforms) = postSolution
		{8AE61E71-E0D2-4462-9342-A963C292C734}.Debug|Any CPU.ActiveCfg = Debug|Any CPU
		{8AE61E71-E0D2-4462-9342-A963C292C734}.Debug|Any CPU.Build.0 = Debug|Any CPU
		{8AE61E71-E0D2-4462-9342-A963C292C734}.Release|Any CPU.ActiveCfg = Release|Any CPU
		{8AE61E71-E0D2-4462-9342-A963C292C734}.Release|Any CPU.Build.0 = Release|Any CPU
		{A1E6D6BB-8E11-43FF-BE08-6FE383EA8084}.Debug|Any CPU.ActiveCfg = Debug|Any CPU
		{A1E6D6BB-8E11-43FF-BE08-6FE383EA8084}.Debug|Any CPU.Build.0 = Debug|Any CPU
		{A1E6D6BB-8E11-43FF-BE08-6FE383EA8084}.Release|Any CPU.ActiveCfg = Release|Any CPU
		{A1E6D6BB-8E11-43FF-BE08-6FE383EA8084}.Release|Any CPU.Build.0 = Release|Any CPU
		{F65DC2C9-45D4-4787-8FEB-6624EBE50783}.Debug|Any CPU.ActiveCfg = Debug|Any CPU
		{F65DC2C9-45D4-4787-8FEB-6624EBE50783}.Debug|Any CPU.Build.0 = Debug|Any CPU
		{F65DC2C9-45D4-4787-8FEB-6624EBE50783}.Release|Any CPU.ActiveCfg = Release|Any CPU
		{F65DC2C9-45D4-4787-8FEB-6624EBE50783}.Release|Any CPU.Build.0 = Release|Any CPU
		{B9093BA5-3B51-41CF-99E0-04A734BFB8BB}.Debug|Any CPU.ActiveCfg = Debug|Any CPU
		{B9093BA5-3B51-41CF-99E0-04A734BFB8BB}.Debug|Any CPU.Build.0 = Debug|Any CPU
		{B9093BA5-3B51-41CF-99E0-04A734BFB8BB}.Release|Any CPU.ActiveCfg = Release|Any CPU
		{B9093BA5-3B51-41CF-99E0-04A734BFB8BB}.Release|Any CPU.Build.0 = Release|Any CPU
	EndGlobalSection
	GlobalSection(SolutionProperties) = preSolution
		HideSolutionNode = FALSE
	EndGlobalSection
	GlobalSection(NestedProjects) = preSolution
		{8AE61E71-E0D2-4462-9342-A963C292C734} = {59898B50-EA01-47B5-B76C-A2CC4F524233}
		{A1E6D6BB-8E11-43FF-BE08-6FE383EA8084} = {59898B50-EA01-47B5-B76C-A2CC4F524233}
		{F65DC2C9-45D4-4787-8FEB-6624EBE50783} = {59898B50-EA01-47B5-B76C-A2CC4F524233}
		{B9093BA5-3B51-41CF-99E0-04A734BFB8BB} = {59898B50-EA01-47B5-B76C-A2CC4F524233}
	EndGlobalSection
	GlobalSection(ExtensibilityGlobals) = postSolution
		SolutionGuid = {D21B5BE4-B308-4BD0-9160-EA984525352E}
	EndGlobalSection
EndGlobal
